# THIS IS AN AUTOGENERATED FILE. DO NOT EDIT THIS FILE DIRECTLY.
# yarn lockfile v1


"@fieldify/antd@link:..":
  version "0.0.0"
  uid ""

fieldify@^1.1.2:
  version "1.1.2"
  resolved "https://registry.yarnpkg.com/fieldify/-/fieldify-1.1.2.tgz#a2ebbd916d5330563954bf5818c801f96f7491a6"
  integrity sha512-Fkg0Ivj7GrQqh9jE0vT2sWThmG06KxY78MzymIyXAe53/oz/Vxca86CDX0AZyiAk2KL3puGRvx8w/Q6ZeJ/ThQ==

"react-dom@link:../node_modules/react-dom":
  version "0.0.0"
  uid ""

"react-scripts@link:../node_modules/react-scripts":
  version "0.0.0"
  uid ""

"react@link:../node_modules/react":
  version "0.0.0"
  uid ""
